// !$*UTF8*$!
{
	archiveVersion = 1;
	classes = {
	};
	objectVersion = 46;
	objects = {

/* Begin PBXBuildFile section */
		3BF7ECC65DD38620DCB8AB9F /* Pods_NiftyMemo.framework in Frameworks */ = {isa = PBXBuildFile; fileRef = BA53C49850352250EE7DCE74 /* Pods_NiftyMemo.framework */; };
		AB2EDCA51F4D4FF2000C34C5 /* AppDelegate.swift in Sources */ = {isa = PBXBuildFile; fileRef = AB2EDCA41F4D4FF2000C34C5 /* AppDelegate.swift */; };
		AB2EDCAA1F4D4FF2000C34C5 /* Main.storyboard in Resources */ = {isa = PBXBuildFile; fileRef = AB2EDCA81F4D4FF2000C34C5 /* Main.storyboard */; };
		AB2EDCAC1F4D4FF2000C34C5 /* Assets.xcassets in Resources */ = {isa = PBXBuildFile; fileRef = AB2EDCAB1F4D4FF2000C34C5 /* Assets.xcassets */; };
		AB2EDCAF1F4D4FF2000C34C5 /* LaunchScreen.storyboard in Resources */ = {isa = PBXBuildFile; fileRef = AB2EDCAD1F4D4FF2000C34C5 /* LaunchScreen.storyboard */; };
		AB2EDCB71F4D5910000C34C5 /* ListViewController.swift in Sources */ = {isa = PBXBuildFile; fileRef = AB2EDCB61F4D5910000C34C5 /* ListViewController.swift */; };
		AB2EDCB91F4D5922000C34C5 /* AddMemoViewController.swift in Sources */ = {isa = PBXBuildFile; fileRef = AB2EDCB81F4D5922000C34C5 /* AddMemoViewController.swift */; };
		AB2EDCBB1F4D5945000C34C5 /* DetailViewController.swift in Sources */ = {isa = PBXBuildFile; fileRef = AB2EDCBA1F4D5945000C34C5 /* DetailViewController.swift */; };
		AB3151841F6672F40055924F /* gplaypattern_@2X.png in Resources */ = {isa = PBXBuildFile; fileRef = AB3151831F6672F40055924F /* gplaypattern_@2X.png */; };
		AB3151931F6781A30055924F /* NewMemoViewController.swift in Sources */ = {isa = PBXBuildFile; fileRef = AB3151921F6781A30055924F /* NewMemoViewController.swift */; };
		AB3151951F6781DB0055924F /* SelectTaskTypeViewController.swift in Sources */ = {isa = PBXBuildFile; fileRef = AB3151941F6781DB0055924F /* SelectTaskTypeViewController.swift */; };
		AB3151971F6782500055924F /* ExpiredTaskViewController.swift in Sources */ = {isa = PBXBuildFile; fileRef = AB3151961F6782500055924F /* ExpiredTaskViewController.swift */; };
		AB3151991F6783B60055924F /* TodayTaskViewController.swift in Sources */ = {isa = PBXBuildFile; fileRef = AB3151981F6783B60055924F /* TodayTaskViewController.swift */; };
		AB31519B1F67A1970055924F /* MemoViewController.swift in Sources */ = {isa = PBXBuildFile; fileRef = AB31519A1F67A1970055924F /* MemoViewController.swift */; };
		AB31519D1F67B3810055924F /* SampleTableViewCell.xib in Resources */ = {isa = PBXBuildFile; fileRef = AB31519C1F67B3810055924F /* SampleTableViewCell.xib */; };
		AB31519F1F67B3E80055924F /* SampleTableViewCell.swift in Sources */ = {isa = PBXBuildFile; fileRef = AB31519E1F67B3E80055924F /* SampleTableViewCell.swift */; };
		AB3151A11F67B4D70055924F /* dora.png in Resources */ = {isa = PBXBuildFile; fileRef = AB3151A01F67B4D70055924F /* dora.png */; };
		AB3151A71F67F3750055924F /* SampleTableViewController.swift in Sources */ = {isa = PBXBuildFile; fileRef = AB3151A61F67F3750055924F /* SampleTableViewController.swift */; };
/* End PBXBuildFile section */

/* Begin PBXFileReference section */
		3166EBD8C069DD211F7F4246 /* Pods-NiftyMemo.release.xcconfig */ = {isa = PBXFileReference; includeInIndex = 1; lastKnownFileType = text.xcconfig; name = "Pods-NiftyMemo.release.xcconfig"; path = "Pods/Target Support Files/Pods-NiftyMemo/Pods-NiftyMemo.release.xcconfig"; sourceTree = "<group>"; };
		4723C2D3D690F2E5866A557C /* Pods-NiftyMemo.debug.xcconfig */ = {isa = PBXFileReference; includeInIndex = 1; lastKnownFileType = text.xcconfig; name = "Pods-NiftyMemo.debug.xcconfig"; path = "Pods/Target Support Files/Pods-NiftyMemo/Pods-NiftyMemo.debug.xcconfig"; sourceTree = "<group>"; };
		AB2EDCA11F4D4FF2000C34C5 /* NiftyMemo.app */ = {isa = PBXFileReference; explicitFileType = wrapper.application; includeInIndex = 0; path = NiftyMemo.app; sourceTree = BUILT_PRODUCTS_DIR; };
		AB2EDCA41F4D4FF2000C34C5 /* AppDelegate.swift */ = {isa = PBXFileReference; lastKnownFileType = sourcecode.swift; path = AppDelegate.swift; sourceTree = "<group>"; };
		AB2EDCA91F4D4FF2000C34C5 /* Base */ = {isa = PBXFileReference; lastKnownFileType = file.storyboard; name = Base; path = Base.lproj/Main.storyboard; sourceTree = "<group>"; };
		AB2EDCAB1F4D4FF2000C34C5 /* Assets.xcassets */ = {isa = PBXFileReference; lastKnownFileType = folder.assetcatalog; path = Assets.xcassets; sourceTree = "<group>"; };
		AB2EDCAE1F4D4FF2000C34C5 /* Base */ = {isa = PBXFileReference; lastKnownFileType = file.storyboard; name = Base; path = Base.lproj/LaunchScreen.storyboard; sourceTree = "<group>"; };
		AB2EDCB01F4D4FF2000C34C5 /* Info.plist */ = {isa = PBXFileReference; lastKnownFileType = text.plist.xml; path = Info.plist; sourceTree = "<group>"; };
		AB2EDCB61F4D5910000C34C5 /* ListViewController.swift */ = {isa = PBXFileReference; fileEncoding = 4; lastKnownFileType = sourcecode.swift; path = ListViewController.swift; sourceTree = "<group>"; };
		AB2EDCB81F4D5922000C34C5 /* AddMemoViewController.swift */ = {isa = PBXFileReference; fileEncoding = 4; lastKnownFileType = sourcecode.swift; path = AddMemoViewController.swift; sourceTree = "<group>"; };
		AB2EDCBA1F4D5945000C34C5 /* DetailViewController.swift */ = {isa = PBXFileReference; fileEncoding = 4; lastKnownFileType = sourcecode.swift; path = DetailViewController.swift; sourceTree = "<group>"; };
		AB3151831F6672F40055924F /* gplaypattern_@2X.png */ = {isa = PBXFileReference; lastKnownFileType = image.png; path = "gplaypattern_@2X.png"; sourceTree = "<group>"; };
		AB3151921F6781A30055924F /* NewMemoViewController.swift */ = {isa = PBXFileReference; fileEncoding = 4; lastKnownFileType = sourcecode.swift; path = NewMemoViewController.swift; sourceTree = "<group>"; };
		AB3151941F6781DB0055924F /* SelectTaskTypeViewController.swift */ = {isa = PBXFileReference; fileEncoding = 4; lastKnownFileType = sourcecode.swift; path = SelectTaskTypeViewController.swift; sourceTree = "<group>"; };
		AB3151961F6782500055924F /* ExpiredTaskViewController.swift */ = {isa = PBXFileReference; fileEncoding = 4; lastKnownFileType = sourcecode.swift; path = ExpiredTaskViewController.swift; sourceTree = "<group>"; };
		AB3151981F6783B60055924F /* TodayTaskViewController.swift */ = {isa = PBXFileReference; fileEncoding = 4; lastKnownFileType = sourcecode.swift; path = TodayTaskViewController.swift; sourceTree = "<group>"; };
		AB31519A1F67A1970055924F /* MemoViewController.swift */ = {isa = PBXFileReference; fileEncoding = 4; lastKnownFileType = sourcecode.swift; path = MemoViewController.swift; sourceTree = "<group>"; };
		AB31519C1F67B3810055924F /* SampleTableViewCell.xib */ = {isa = PBXFileReference; fileEncoding = 4; lastKnownFileType = file.xib; path = SampleTableViewCell.xib; sourceTree = "<group>"; };
		AB31519E1F67B3E80055924F /* SampleTableViewCell.swift */ = {isa = PBXFileReference; fileEncoding = 4; lastKnownFileType = sourcecode.swift; path = SampleTableViewCell.swift; sourceTree = "<group>"; };
		AB3151A01F67B4D70055924F /* dora.png */ = {isa = PBXFileReference; lastKnownFileType = image.png; path = dora.png; sourceTree = "<group>"; };
		AB3151A61F67F3750055924F /* SampleTableViewController.swift */ = {isa = PBXFileReference; fileEncoding = 4; lastKnownFileType = sourcecode.swift; path = SampleTableViewController.swift; sourceTree = "<group>"; };
		BA53C49850352250EE7DCE74 /* Pods_NiftyMemo.framework */ = {isa = PBXFileReference; explicitFileType = wrapper.framework; includeInIndex = 0; path = Pods_NiftyMemo.framework; sourceTree = BUILT_PRODUCTS_DIR; };
/* End PBXFileReference section */

/* Begin PBXFrameworksBuildPhase section */
		AB2EDC9E1F4D4FF2000C34C5 /* Frameworks */ = {
			isa = PBXFrameworksBuildPhase;
			buildActionMask = 2147483647;
			files = (
				3BF7ECC65DD38620DCB8AB9F /* Pods_NiftyMemo.framework in Frameworks */,
			);
			runOnlyForDeploymentPostprocessing = 0;
		};
/* End PBXFrameworksBuildPhase section */

/* Begin PBXGroup section */
		4DD5267B3735DF2E7F2420D5 /* Pods */ = {
			isa = PBXGroup;
			children = (
				4723C2D3D690F2E5866A557C /* Pods-NiftyMemo.debug.xcconfig */,
				3166EBD8C069DD211F7F4246 /* Pods-NiftyMemo.release.xcconfig */,
			);
			name = Pods;
			sourceTree = "<group>";
		};
		AB2EDC981F4D4FF2000C34C5 = {
			isa = PBXGroup;
			children = (
				AB2EDCA31F4D4FF2000C34C5 /* NiftyMemo */,
				AB2EDCA21F4D4FF2000C34C5 /* Products */,
				4DD5267B3735DF2E7F2420D5 /* Pods */,
				FF4D6E8BD868737BF97425F8 /* Frameworks */,
			);
			sourceTree = "<group>";
		};
		AB2EDCA21F4D4FF2000C34C5 /* Products */ = {
			isa = PBXGroup;
			children = (
				AB2EDCA11F4D4FF2000C34C5 /* NiftyMemo.app */,
			);
			name = Products;
			sourceTree = "<group>";
		};
		AB2EDCA31F4D4FF2000C34C5 /* NiftyMemo */ = {
			isa = PBXGroup;
			children = (
				AB3151851F6673020055924F /* picture */,
				AB2EDCA41F4D4FF2000C34C5 /* AppDelegate.swift */,
				AB3151921F6781A30055924F /* NewMemoViewController.swift */,
				AB3151981F6783B60055924F /* TodayTaskViewController.swift */,
				AB3151941F6781DB0055924F /* SelectTaskTypeViewController.swift */,
				AB3151A61F67F3750055924F /* SampleTableViewController.swift */,
				AB2EDCBA1F4D5945000C34C5 /* DetailViewController.swift */,
				AB3151961F6782500055924F /* ExpiredTaskViewController.swift */,
				AB31519E1F67B3E80055924F /* SampleTableViewCell.swift */,
				AB31519C1F67B3810055924F /* SampleTableViewCell.xib */,
				AB31519A1F67A1970055924F /* MemoViewController.swift */,
				AB2EDCA81F4D4FF2000C34C5 /* Main.storyboard */,
				AB2EDCB61F4D5910000C34C5 /* ListViewController.swift */,
				AB2EDCB81F4D5922000C34C5 /* AddMemoViewController.swift */,
				AB2EDCAB1F4D4FF2000C34C5 /* Assets.xcassets */,
				AB2EDCAD1F4D4FF2000C34C5 /* LaunchScreen.storyboard */,
				AB2EDCB01F4D4FF2000C34C5 /* Info.plist */,
			);
			path = NiftyMemo;
			sourceTree = "<group>";
		};
		AB3151851F6673020055924F /* picture */ = {
			isa = PBXGroup;
			children = (
				AB3151A01F67B4D70055924F /* dora.png */,
				AB3151831F6672F40055924F /* gplaypattern_@2X.png */,
			);
			name = picture;
			sourceTree = "<group>";
		};
		FF4D6E8BD868737BF97425F8 /* Frameworks */ = {
			isa = PBXGroup;
			children = (
				BA53C49850352250EE7DCE74 /* Pods_NiftyMemo.framework */,
			);
			name = Frameworks;
			sourceTree = "<group>";
		};
/* End PBXGroup section */

/* Begin PBXNativeTarget section */
		AB2EDCA01F4D4FF2000C34C5 /* NiftyMemo */ = {
			isa = PBXNativeTarget;
			buildConfigurationList = AB2EDCB31F4D4FF2000C34C5 /* Build configuration list for PBXNativeTarget "NiftyMemo" */;
			buildPhases = (
				2FA53AA04AA4001ABD3DC9AE /* [CP] Check Pods Manifest.lock */,
				AB2EDC9D1F4D4FF2000C34C5 /* Sources */,
				AB2EDC9E1F4D4FF2000C34C5 /* Frameworks */,
				AB2EDC9F1F4D4FF2000C34C5 /* Resources */,
				8441189C78C733F7E5526A75 /* [CP] Embed Pods Frameworks */,
				8A1DB3BD879579DD9C07FBC7 /* [CP] Copy Pods Resources */,
			);
			buildRules = (
			);
			dependencies = (
			);
			name = NiftyMemo;
			productName = NiftyMemo;
			productReference = AB2EDCA11F4D4FF2000C34C5 /* NiftyMemo.app */;
			productType = "com.apple.product-type.application";
		};
/* End PBXNativeTarget section */

/* Begin PBXProject section */
		AB2EDC991F4D4FF2000C34C5 /* Project object */ = {
			isa = PBXProject;
			attributes = {
				LastSwiftUpdateCheck = 0830;
				LastUpgradeCheck = 0830;
				ORGANIZATIONNAME = nttr;
				TargetAttributes = {
					AB2EDCA01F4D4FF2000C34C5 = {
						CreatedOnToolsVersion = 8.3.3;
						ProvisioningStyle = Automatic;
					};
				};
			};
			buildConfigurationList = AB2EDC9C1F4D4FF2000C34C5 /* Build configuration list for PBXProject "NiftyMemo" */;
			compatibilityVersion = "Xcode 3.2";
			developmentRegion = English;
			hasScannedForEncodings = 0;
			knownRegions = (
				en,
				Base,
			);
			mainGroup = AB2EDC981F4D4FF2000C34C5;
			productRefGroup = AB2EDCA21F4D4FF2000C34C5 /* Products */;
			projectDirPath = "";
			projectRoot = "";
			targets = (
				AB2EDCA01F4D4FF2000C34C5 /* NiftyMemo */,
			);
		};
/* End PBXProject section */

/* Begin PBXResourcesBuildPhase section */
		AB2EDC9F1F4D4FF2000C34C5 /* Resources */ = {
			isa = PBXResourcesBuildPhase;
			buildActionMask = 2147483647;
			files = (
				AB2EDCAF1F4D4FF2000C34C5 /* LaunchScreen.storyboard in Resources */,
				AB31519D1F67B3810055924F /* SampleTableViewCell.xib in Resources */,
				AB2EDCAC1F4D4FF2000C34C5 /* Assets.xcassets in Resources */,
				AB2EDCAA1F4D4FF2000C34C5 /* Main.storyboard in Resources */,
				AB3151841F6672F40055924F /* gplaypattern_@2X.png in Resources */,
				AB3151A11F67B4D70055924F /* dora.png in Resources */,
			);
			runOnlyForDeploymentPostprocessing = 0;
		};
/* End PBXResourcesBuildPhase section */

/* Begin PBXShellScriptBuildPhase section */
		2FA53AA04AA4001ABD3DC9AE /* [CP] Check Pods Manifest.lock */ = {
			isa = PBXShellScriptBuildPhase;
			buildActionMask = 2147483647;
			files = (
			);
			inputPaths = (
			);
			name = "[CP] Check Pods Manifest.lock";
			outputPaths = (
			);
			runOnlyForDeploymentPostprocessing = 0;
			shellPath = /bin/sh;
			shellScript = "diff \"${PODS_PODFILE_DIR_PATH}/Podfile.lock\" \"${PODS_ROOT}/Manifest.lock\" > /dev/null\nif [ $? != 0 ] ; then\n    # print error to STDERR\n    echo \"error: The sandbox is not in sync with the Podfile.lock. Run 'pod install' or update your CocoaPods installation.\" >&2\n    exit 1\nfi\n";
			showEnvVarsInLog = 0;
		};
		8441189C78C733F7E5526A75 /* [CP] Embed Pods Frameworks */ = {
			isa = PBXShellScriptBuildPhase;
			buildActionMask = 2147483647;
			files = (
			);
			inputPaths = (
			);
			name = "[CP] Embed Pods Frameworks";
			outputPaths = (
			);
			runOnlyForDeploymentPostprocessing = 0;
			shellPath = /bin/sh;
			shellScript = "\"${SRCROOT}/Pods/Target Support Files/Pods-NiftyMemo/Pods-NiftyMemo-frameworks.sh\"\n";
			showEnvVarsInLog = 0;
		};
		8A1DB3BD879579DD9C07FBC7 /* [CP] Copy Pods Resources */ = {
			isa = PBXShellScriptBuildPhase;
			buildActionMask = 2147483647;
			files = (
			);
			inputPaths = (
			);
			name = "[CP] Copy Pods Resources";
			outputPaths = (
			);
			runOnlyForDeploymentPostprocessing = 0;
			shellPath = /bin/sh;
			shellScript = "\"${SRCROOT}/Pods/Target Support Files/Pods-NiftyMemo/Pods-NiftyMemo-resources.sh\"\n";
			showEnvVarsInLog = 0;
		};
/* End PBXShellScriptBuildPhase section */

/* Begin PBXSourcesBuildPhase section */
		AB2EDC9D1F4D4FF2000C34C5 /* Sources */ = {
			isa = PBXSourcesBuildPhase;
			buildActionMask = 2147483647;
			files = (
				AB2EDCB91F4D5922000C34C5 /* AddMemoViewController.swift in Sources */,
				AB2EDCB71F4D5910000C34C5 /* ListViewController.swift in Sources */,
				AB3151951F6781DB0055924F /* SelectTaskTypeViewController.swift in Sources */,
				AB3151931F6781A30055924F /* NewMemoViewController.swift in Sources */,
				AB3151991F6783B60055924F /* TodayTaskViewController.swift in Sources */,
				AB3151971F6782500055924F /* ExpiredTaskViewController.swift in Sources */,
				AB3151A71F67F3750055924F /* SampleTableViewController.swift in Sources */,
				AB2EDCA51F4D4FF2000C34C5 /* AppDelegate.swift in Sources */,
				AB31519F1F67B3E80055924F /* SampleTableViewCell.swift in Sources */,
				AB2EDCBB1F4D5945000C34C5 /* DetailViewController.swift in Sources */,
				AB31519B1F67A1970055924F /* MemoViewController.swift in Sources */,
			);
			runOnlyForDeploymentPostprocessing = 0;
		};
/* End PBXSourcesBuildPhase section */

/* Begin PBXVariantGroup section */
		AB2EDCA81F4D4FF2000C34C5 /* Main.storyboard */ = {
			isa = PBXVariantGroup;
			children = (
				AB2EDCA91F4D4FF2000C34C5 /* Base */,
			);
			name = Main.storyboard;
			sourceTree = "<group>";
		};
		AB2EDCAD1F4D4FF2000C34C5 /* LaunchScreen.storyboard */ = {
			isa = PBXVariantGroup;
			children = (
				AB2EDCAE1F4D4FF2000C34C5 /* Base */,
			);
			name = LaunchScreen.storyboard;
			sourceTree = "<group>";
		};
/* End PBXVariantGroup section */

/* Begin XCBuildConfiguration section */
		AB2EDCB11F4D4FF2000C34C5 /* Debug */ = {
			isa = XCBuildConfiguration;
			buildSettings = {
				ALWAYS_SEARCH_USER_PATHS = NO;
				CLANG_ANALYZER_NONNULL = YES;
				CLANG_ANALYZER_NUMBER_OBJECT_CONVERSION = YES_AGGRESSIVE;
				CLANG_CXX_LANGUAGE_STANDARD = "gnu++0x";
				CLANG_CXX_LIBRARY = "libc++";
				CLANG_ENABLE_MODULES = YES;
				CLANG_ENABLE_OBJC_ARC = YES;
				CLANG_WARN_BOOL_CONVERSION = YES;
				CLANG_WARN_CONSTANT_CONVERSION = YES;
				CLANG_WARN_DIRECT_OBJC_ISA_USAGE = YES_ERROR;
				CLANG_WARN_DOCUMENTATION_COMMENTS = YES;
				CLANG_WARN_EMPTY_BODY = YES;
				CLANG_WARN_ENUM_CONVERSION = YES;
				CLANG_WARN_INFINITE_RECURSION = YES;
				CLANG_WARN_INT_CONVERSION = YES;
				CLANG_WARN_OBJC_ROOT_CLASS = YES_ERROR;
				CLANG_WARN_SUSPICIOUS_MOVE = YES;
				CLANG_WARN_UNREACHABLE_CODE = YES;
				CLANG_WARN__DUPLICATE_METHOD_MATCH = YES;
				"CODE_SIGN_IDENTITY[sdk=iphoneos*]" = "iPhone Developer";
				COPY_PHASE_STRIP = NO;
				DEBUG_INFORMATION_FORMAT = dwarf;
				ENABLE_STRICT_OBJC_MSGSEND = YES;
				ENABLE_TESTABILITY = YES;
				GCC_C_LANGUAGE_STANDARD = gnu99;
				GCC_DYNAMIC_NO_PIC = NO;
				GCC_NO_COMMON_BLOCKS = YES;
				GCC_OPTIMIZATION_LEVEL = 0;
				GCC_PREPROCESSOR_DEFINITIONS = (
					"DEBUG=1",
					"$(inherited)",
				);
				GCC_WARN_64_TO_32_BIT_CONVERSION = YES;
				GCC_WARN_ABOUT_RETURN_TYPE = YES_ERROR;
				GCC_WARN_UNDECLARED_SELECTOR = YES;
				GCC_WARN_UNINITIALIZED_AUTOS = YES_AGGRESSIVE;
				GCC_WARN_UNUSED_FUNCTION = YES;
				GCC_WARN_UNUSED_VARIABLE = YES;
				IPHONEOS_DEPLOYMENT_TARGET = 10.3;
				MTL_ENABLE_DEBUG_INFO = YES;
				ONLY_ACTIVE_ARCH = YES;
				SDKROOT = iphoneos;
				SWIFT_ACTIVE_COMPILATION_CONDITIONS = DEBUG;
				SWIFT_OPTIMIZATION_LEVEL = "-Onone";
			};
			name = Debug;
		};
		AB2EDCB21F4D4FF2000C34C5 /* Release */ = {
			isa = XCBuildConfiguration;
			buildSettings = {
				ALWAYS_SEARCH_USER_PATHS = NO;
				CLANG_ANALYZER_NONNULL = YES;
				CLANG_ANALYZER_NUMBER_OBJECT_CONVERSION = YES_AGGRESSIVE;
				CLANG_CXX_LANGUAGE_STANDARD = "gnu++0x";
				CLANG_CXX_LIBRARY = "libc++";
				CLANG_ENABLE_MODULES = YES;
				CLANG_ENABLE_OBJC_ARC = YES;
				CLANG_WARN_BOOL_CONVERSION = YES;
				CLANG_WARN_CONSTANT_CONVERSION = YES;
				CLANG_WARN_DIRECT_OBJC_ISA_USAGE = YES_ERROR;
				CLANG_WARN_DOCUMENTATION_COMMENTS = YES;
				CLANG_WARN_EMPTY_BODY = YES;
				CLANG_WARN_ENUM_CONVERSION = YES;
				CLANG_WARN_INFINITE_RECURSION = YES;
				CLANG_WARN_INT_CONVERSION = YES;
				CLANG_WARN_OBJC_ROOT_CLASS = YES_ERROR;
				CLANG_WARN_SUSPICIOUS_MOVE = YES;
				CLANG_WARN_UNREACHABLE_CODE = YES;
				CLANG_WARN__DUPLICATE_METHOD_MATCH = YES;
				"CODE_SIGN_IDENTITY[sdk=iphoneos*]" = "iPhone Developer";
				COPY_PHASE_STRIP = NO;
				DEBUG_INFORMATION_FORMAT = "dwarf-with-dsym";
				ENABLE_NS_ASSERTIONS = NO;
				ENABLE_STRICT_OBJC_MSGSEND = YES;
				GCC_C_LANGUAGE_STANDARD = gnu99;
				GCC_NO_COMMON_BLOCKS = YES;
				GCC_WARN_64_TO_32_BIT_CONVERSION = YES;
				GCC_WARN_ABOUT_RETURN_TYPE = YES_ERROR;
				GCC_WARN_UNDECLARED_SELECTOR = YES;
				GCC_WARN_UNINITIALIZED_AUTOS = YES_AGGRESSIVE;
				GCC_WARN_UNUSED_FUNCTION = YES;
				GCC_WARN_UNUSED_VARIABLE = YES;
				IPHONEOS_DEPLOYMENT_TARGET = 10.3;
				MTL_ENABLE_DEBUG_INFO = NO;
				SDKROOT = iphoneos;
				SWIFT_OPTIMIZATION_LEVEL = "-Owholemodule";
				VALIDATE_PRODUCT = YES;
			};
			name = Release;
		};
		AB2EDCB41F4D4FF2000C34C5 /* Debug */ = {
			isa = XCBuildConfiguration;
			baseConfigurationReference = 4723C2D3D690F2E5866A557C /* Pods-NiftyMemo.debug.xcconfig */;
			buildSettings = {
				ASSETCATALOG_COMPILER_APPICON_NAME = AppIcon;
				INFOPLIST_FILE = NiftyMemo/Info.plist;
				LD_RUNPATH_SEARCH_PATHS = "$(inherited) @executable_path/Frameworks";
				PRODUCT_BUNDLE_IDENTIFIER = koga.net.NiftyMemo;
				PRODUCT_NAME = "$(TARGET_NAME)";
				SWIFT_VERSION = 3.0;
			};
			name = Debug;
		};
		AB2EDCB51F4D4FF2000C34C5 /* Release */ = {
			isa = XCBuildConfiguration;
			baseConfigurationReference = 3166EBD8C069DD211F7F4246 /* Pods-NiftyMemo.release.xcconfig */;
			buildSettings = {
				ASSETCATALOG_COMPILER_APPICON_NAME = AppIcon;
				INFOPLIST_FILE = NiftyMemo/Info.plist;
				LD_RUNPATH_SEARCH_PATHS = "$(inherited) @executable_path/Frameworks";
				PRODUCT_BUNDLE_IDENTIFIER = koga.net.NiftyMemo;
				PRODUCT_NAME = "$(TARGET_NAME)";
				SWIFT_VERSION = 3.0;
			};
			name = Release;
		};
/* End XCBuildConfiguration section */

/* Begin XCConfigurationList section */
		AB2EDC9C1F4D4FF2000C34C5 /* Build configuration list for PBXProject "NiftyMemo" */ = {
			isa = XCConfigurationList;
			buildConfigurations = (
				AB2EDCB11F4D4FF2000C34C5 /* Debug */,
				AB2EDCB21F4D4FF2000C34C5 /* Release */,
			);
			defaultConfigurationIsVisible = 0;
			defaultConfigurationName = Release;
		};
		AB2EDCB31F4D4FF2000C34C5 /* Build configuration list for PBXNativeTarget "NiftyMemo" */ = {
			isa = XCConfigurationList;
			buildConfigurations = (
				AB2EDCB41F4D4FF2000C34C5 /* Debug */,
				AB2EDCB51F4D4FF2000C34C5 /* Release */,
			);
			defaultConfigurationIsVisible = 0;
			defaultConfigurationName = Release;
		};
/* End XCConfigurationList section */
	};
	rootObject = AB2EDC991F4D4FF2000C34C5 /* Project object */;
}
